
Microsoft Visual Studio Solution File, Format Version 12.00
Project("{FAE04EC0-301F-11D3-BF4B-00C04F79EFBC}") = "AppPudelko", "AppPudelko\AppPudelko.csproj", "{1711416C-5137-4F8F-A0FC-6EBDC3ED94C4}"
EndProject
Project("{FAE04EC0-301F-11D3-BF4B-00C04F79EFBC}") = "Pudelko", "Pudelko\Pudelko.csproj", "{01E574D1-ED1F-491E-8164-6BEBC929CEA8}"
EndProject
Project("{FAE04EC0-301F-11D3-BF4B-00C04F79EFBC}") = "TestProject1", "TestProject1\TestProject1.csproj", "{46AE5A17-6EFC-464A-87B9-A10E22F63172}"
EndProject
Global
	GlobalSection(SolutionConfigurationPlatforms) = preSolution
		Debug|Any CPU = Debug|Any CPU
		Release|Any CPU = Release|Any CPU
	EndGlobalSection
	GlobalSection(ProjectConfigurationPlatforms) = postSolution
		{1711416C-5137-4F8F-A0FC-6EBDC3ED94C4}.Debug|Any CPU.ActiveCfg = Debug|Any CPU
		{1711416C-5137-4F8F-A0FC-6EBDC3ED94C4}.Debug|Any CPU.Build.0 = Debug|Any CPU
		{1711416C-5137-4F8F-A0FC-6EBDC3ED94C4}.Release|Any CPU.ActiveCfg = Release|Any CPU
		{1711416C-5137-4F8F-A0FC-6EBDC3ED94C4}.Release|Any CPU.Build.0 = Release|Any CPU
		{01E574D1-ED1F-491E-8164-6BEBC929CEA8}.Debug|Any CPU.ActiveCfg = Debug|Any CPU
		{01E574D1-ED1F-491E-8164-6BEBC929CEA8}.Debug|Any CPU.Build.0 = Debug|Any CPU
		{01E574D1-ED1F-491E-8164-6BEBC929CEA8}.Release|Any CPU.ActiveCfg = Release|Any CPU
		{01E574D1-ED1F-491E-8164-6BEBC929CEA8}.Release|Any CPU.Build.0 = Release|Any CPU
		{46AE5A17-6EFC-464A-87B9-A10E22F63172}.Debug|Any CPU.ActiveCfg = Debug|Any CPU
		{46AE5A17-6EFC-464A-87B9-A10E22F63172}.Debug|Any CPU.Build.0 = Debug|Any CPU
		{46AE5A17-6EFC-464A-87B9-A10E22F63172}.Release|Any CPU.ActiveCfg = Release|Any CPU
		{46AE5A17-6EFC-464A-87B9-A10E22F63172}.Release|Any CPU.Build.0 = Release|Any CPU
	EndGlobalSection
EndGlobal
